// !$*UTF8*$!
{
	archiveVersion = 1;
	classes = {
	};
	objectVersion = 46;
	objects = {

/* Begin PBXBuildFile section */
		7154DC661C0058E2004DC730 /* main.m in Sources */ = {isa = PBXBuildFile; fileRef = 7154DC651C0058E2004DC730 /* main.m */; };
		7154DC691C0058E2004DC730 /* AppDelegate.m in Sources */ = {isa = PBXBuildFile; fileRef = 7154DC681C0058E2004DC730 /* AppDelegate.m */; };
		7154DC6C1C0058E2004DC730 /* ViewController.m in Sources */ = {isa = PBXBuildFile; fileRef = 7154DC6B1C0058E2004DC730 /* ViewController.m */; };
		7154DC6F1C0058E2004DC730 /* Main.storyboard in Resources */ = {isa = PBXBuildFile; fileRef = 7154DC6D1C0058E2004DC730 /* Main.storyboard */; };
		7154DC711C0058E2004DC730 /* Assets.xcassets in Resources */ = {isa = PBXBuildFile; fileRef = 7154DC701C0058E2004DC730 /* Assets.xcassets */; };
		7154DC741C0058E2004DC730 /* LaunchScreen.storyboard in Resources */ = {isa = PBXBuildFile; fileRef = 7154DC721C0058E2004DC730 /* LaunchScreen.storyboard */; };
		7154DC7F1C0058E3004DC730 /* TestNSTimerTests.m in Sources */ = {isa = PBXBuildFile; fileRef = 7154DC7E1C0058E3004DC730 /* TestNSTimerTests.m */; };
		7154DC8A1C0058E3004DC730 /* TestNSTimerUITests.m in Sources */ = {isa = PBXBuildFile; fileRef = 7154DC891C0058E3004DC730 /* TestNSTimerUITests.m */; };
		7154DC9A1C005910004DC730 /* NSTimerCellTableViewCell.m in Sources */ = {isa = PBXBuildFile; fileRef = 7154DC981C005910004DC730 /* NSTimerCellTableViewCell.m */; };
		7154DC9B1C005910004DC730 /* NSTimerCellTableViewCell.xib in Resources */ = {isa = PBXBuildFile; fileRef = 7154DC991C005910004DC730 /* NSTimerCellTableViewCell.xib */; };
		7154DC9E1C005FC7004DC730 /* HFTools.m in Sources */ = {isa = PBXBuildFile; fileRef = 7154DC9D1C005FC7004DC730 /* HFTools.m */; };
/* End PBXBuildFile section */

/* Begin PBXContainerItemProxy section */
		7154DC7B1C0058E3004DC730 /* PBXContainerItemProxy */ = {
			isa = PBXContainerItemProxy;
			containerPortal = 7154DC591C0058E2004DC730 /* Project object */;
			proxyType = 1;
			remoteGlobalIDString = 7154DC601C0058E2004DC730;
			remoteInfo = TestNSTimer;
		};
		7154DC861C0058E3004DC730 /* PBXContainerItemProxy */ = {
			isa = PBXContainerItemProxy;
			containerPortal = 7154DC591C0058E2004DC730 /* Project object */;
			proxyType = 1;
			remoteGlobalIDString = 7154DC601C0058E2004DC730;
			remoteInfo = TestNSTimer;
		};
/* End PBXContainerItemProxy section */

/* Begin PBXFileReference section */
		7154DC611C0058E2004DC730 /* TestNSTimer.app */ = {isa = PBXFileReference; explicitFileType = wrapper.application; includeInIndex = 0; path = TestNSTimer.app; sourceTree = BUILT_PRODUCTS_DIR; };
		7154DC651C0058E2004DC730 /* main.m */ = {isa = PBXFileReference; lastKnownFileType = sourcecode.c.objc; path = main.m; sourceTree = "<group>"; };
		7154DC671C0058E2004DC730 /* AppDelegate.h */ = {isa = PBXFileReference; lastKnownFileType = sourcecode.c.h; path = AppDelegate.h; sourceTree = "<group>"; };
		7154DC681C0058E2004DC730 /* AppDelegate.m */ = {isa = PBXFileReference; lastKnownFileType = sourcecode.c.objc; path = AppDelegate.m; sourceTree = "<group>"; };
		7154DC6A1C0058E2004DC730 /* ViewController.h */ = {isa = PBXFileReference; lastKnownFileType = sourcecode.c.h; path = ViewController.h; sourceTree = "<group>"; };
		7154DC6B1C0058E2004DC730 /* ViewController.m */ = {isa = PBXFileReference; lastKnownFileType = sourcecode.c.objc; path = ViewController.m; sourceTree = "<group>"; };
		7154DC6E1C0058E2004DC730 /* Base */ = {isa = PBXFileReference; lastKnownFileType = file.storyboard; name = Base; path = Base.lproj/Main.storyboard; sourceTree = "<group>"; };
		7154DC701C0058E2004DC730 /* Assets.xcassets */ = {isa = PBXFileReference; lastKnownFileType = folder.assetcatalog; path = Assets.xcassets; sourceTree = "<group>"; };
		7154DC731C0058E2004DC730 /* Base */ = {isa = PBXFileReference; lastKnownFileType = file.storyboard; name = Base; path = Base.lproj/LaunchScreen.storyboard; sourceTree = "<group>"; };
		7154DC751C0058E2004DC730 /* Info.plist */ = {isa = PBXFileReference; lastKnownFileType = text.plist.xml; path = Info.plist; sourceTree = "<group>"; };
		7154DC7A1C0058E3004DC730 /* TestNSTimerTests.xctest */ = {isa = PBXFileReference; explicitFileType = wrapper.cfbundle; includeInIndex = 0; path = TestNSTimerTests.xctest; sourceTree = BUILT_PRODUCTS_DIR; };
		7154DC7E1C0058E3004DC730 /* TestNSTimerTests.m */ = {isa = PBXFileReference; lastKnownFileType = sourcecode.c.objc; path = TestNSTimerTests.m; sourceTree = "<group>"; };
		7154DC801C0058E3004DC730 /* Info.plist */ = {isa = PBXFileReference; lastKnownFileType = text.plist.xml; path = Info.plist; sourceTree = "<group>"; };
		7154DC851C0058E3004DC730 /* TestNSTimerUITests.xctest */ = {isa = PBXFileReference; explicitFileType = wrapper.cfbundle; includeInIndex = 0; path = TestNSTimerUITests.xctest; sourceTree = BUILT_PRODUCTS_DIR; };
		7154DC891C0058E3004DC730 /* TestNSTimerUITests.m */ = {isa = PBXFileReference; lastKnownFileType = sourcecode.c.objc; path = TestNSTimerUITests.m; sourceTree = "<group>"; };
		7154DC8B1C0058E3004DC730 /* Info.plist */ = {isa = PBXFileReference; lastKnownFileType = text.plist.xml; path = Info.plist; sourceTree = "<group>"; };
		7154DC971C005910004DC730 /* NSTimerCellTableViewCell.h */ = {isa = PBXFileReference; fileEncoding = 4; lastKnownFileType = sourcecode.c.h; path = NSTimerCellTableViewCell.h; sourceTree = "<group>"; };
		7154DC981C005910004DC730 /* NSTimerCellTableViewCell.m */ = {isa = PBXFileReference; fileEncoding = 4; lastKnownFileType = sourcecode.c.objc; path = NSTimerCellTableViewCell.m; sourceTree = "<group>"; };
		7154DC991C005910004DC730 /* NSTimerCellTableViewCell.xib */ = {isa = PBXFileReference; fileEncoding = 4; lastKnownFileType = file.xib; path = NSTimerCellTableViewCell.xib; sourceTree = "<group>"; };
		7154DC9C1C005FC7004DC730 /* HFTools.h */ = {isa = PBXFileReference; fileEncoding = 4; lastKnownFileType = sourcecode.c.h; path = HFTools.h; sourceTree = "<group>"; };
		7154DC9D1C005FC7004DC730 /* HFTools.m */ = {isa = PBXFileReference; fileEncoding = 4; lastKnownFileType = sourcecode.c.objc; path = HFTools.m; sourceTree = "<group>"; };
/* End PBXFileReference section */

/* Begin PBXFrameworksBuildPhase section */
		7154DC5E1C0058E2004DC730 /* Frameworks */ = {
			isa = PBXFrameworksBuildPhase;
			buildActionMask = 2147483647;
			files = (
			);
			runOnlyForDeploymentPostprocessing = 0;
		};
		7154DC771C0058E3004DC730 /* Frameworks */ = {
			isa = PBXFrameworksBuildPhase;
			buildActionMask = 2147483647;
			files = (
			);
			runOnlyForDeploymentPostprocessing = 0;
		};
		7154DC821C0058E3004DC730 /* Frameworks */ = {
			isa = PBXFrameworksBuildPhase;
			buildActionMask = 2147483647;
			files = (
			);
			runOnlyForDeploymentPostprocessing = 0;
		};
/* End PBXFrameworksBuildPhase section */

/* Begin PBXGroup section */
		7154DC581C0058E2004DC730 = {
			isa = PBXGroup;
			children = (
				7154DC631C0058E2004DC730 /* TestNSTimer */,
				7154DC7D1C0058E3004DC730 /* TestNSTimerTests */,
				7154DC881C0058E3004DC730 /* TestNSTimerUITests */,
				7154DC621C0058E2004DC730 /* Products */,
			);
			sourceTree = "<group>";
		};
		7154DC621C0058E2004DC730 /* Products */ = {
			isa = PBXGroup;
			children = (
				7154DC611C0058E2004DC730 /* TestNSTimer.app */,
				7154DC7A1C0058E3004DC730 /* TestNSTimerTests.xctest */,
				7154DC851C0058E3004DC730 /* TestNSTimerUITests.xctest */,
			);
			name = Products;
			sourceTree = "<group>";
		};
		7154DC631C0058E2004DC730 /* TestNSTimer */ = {
			isa = PBXGroup;
			children = (
				7154DC9C1C005FC7004DC730 /* HFTools.h */,
				7154DC9D1C005FC7004DC730 /* HFTools.m */,
				7154DC971C005910004DC730 /* NSTimerCellTableViewCell.h */,
				7154DC981C005910004DC730 /* NSTimerCellTableViewCell.m */,
				7154DC991C005910004DC730 /* NSTimerCellTableViewCell.xib */,
				7154DC671C0058E2004DC730 /* AppDelegate.h */,
				7154DC681C0058E2004DC730 /* AppDelegate.m */,
				7154DC6A1C0058E2004DC730 /* ViewController.h */,
				7154DC6B1C0058E2004DC730 /* ViewController.m */,
				7154DC6D1C0058E2004DC730 /* Main.storyboard */,
				7154DC701C0058E2004DC730 /* Assets.xcassets */,
				7154DC721C0058E2004DC730 /* LaunchScreen.storyboard */,
				7154DC751C0058E2004DC730 /* Info.plist */,
				7154DC641C0058E2004DC730 /* Supporting Files */,
			);
			path = TestNSTimer;
			sourceTree = "<group>";
		};
		7154DC641C0058E2004DC730 /* Supporting Files */ = {
			isa = PBXGroup;
			children = (
				7154DC651C0058E2004DC730 /* main.m */,
			);
			name = "Supporting Files";
			sourceTree = "<group>";
		};
		7154DC7D1C0058E3004DC730 /* TestNSTimerTests */ = {
			isa = PBXGroup;
			children = (
				7154DC7E1C0058E3004DC730 /* TestNSTimerTests.m */,
				7154DC801C0058E3004DC730 /* Info.plist */,
			);
			path = TestNSTimerTests;
			sourceTree = "<group>";
		};
		7154DC881C0058E3004DC730 /* TestNSTimerUITests */ = {
			isa = PBXGroup;
			children = (
				7154DC891C0058E3004DC730 /* TestNSTimerUITests.m */,
				7154DC8B1C0058E3004DC730 /* Info.plist */,
			);
			path = TestNSTimerUITests;
			sourceTree = "<group>";
		};
/* End PBXGroup section */

/* Begin PBXNativeTarget section */
		7154DC601C0058E2004DC730 /* TestNSTimer */ = {
			isa = PBXNativeTarget;
			buildConfigurationList = 7154DC8E1C0058E3004DC730 /* Build configuration list for PBXNativeTarget "TestNSTimer" */;
			buildPhases = (
				7154DC5D1C0058E2004DC730 /* Sources */,
				7154DC5E1C0058E2004DC730 /* Frameworks */,
				7154DC5F1C0058E2004DC730 /* Resources */,
			);
			buildRules = (
			);
			dependencies = (
			);
			name = TestNSTimer;
			productName = TestNSTimer;
			productReference = 7154DC611C0058E2004DC730 /* TestNSTimer.app */;
			productType = "com.apple.product-type.application";
		};
		7154DC791C0058E3004DC730 /* TestNSTimerTests */ = {
			isa = PBXNativeTarget;
			buildConfigurationList = 7154DC911C0058E3004DC730 /* Build configuration list for PBXNativeTarget "TestNSTimerTests" */;
			buildPhases = (
				7154DC761C0058E3004DC730 /* Sources */,
				7154DC771C0058E3004DC730 /* Frameworks */,
				7154DC781C0058E3004DC730 /* Resources */,
			);
			buildRules = (
			);
			dependencies = (
				7154DC7C1C0058E3004DC730 /* PBXTargetDependency */,
			);
			name = TestNSTimerTests;
			productName = TestNSTimerTests;
			productReference = 7154DC7A1C0058E3004DC730 /* TestNSTimerTests.xctest */;
			productType = "com.apple.product-type.bundle.unit-test";
		};
		7154DC841C0058E3004DC730 /* TestNSTimerUITests */ = {
			isa = PBXNativeTarget;
			buildConfigurationList = 7154DC941C0058E3004DC730 /* Build configuration list for PBXNativeTarget "TestNSTimerUITests" */;
			buildPhases = (
				7154DC811C0058E3004DC730 /* Sources */,
				7154DC821C0058E3004DC730 /* Frameworks */,
				7154DC831C0058E3004DC730 /* Resources */,
			);
			buildRules = (
			);
			dependencies = (
				7154DC871C0058E3004DC730 /* PBXTargetDependency */,
			);
			name = TestNSTimerUITests;
			productName = TestNSTimerUITests;
			productReference = 7154DC851C0058E3004DC730 /* TestNSTimerUITests.xctest */;
			productType = "com.apple.product-type.bundle.ui-testing";
		};
/* End PBXNativeTarget section */

/* Begin PBXProject section */
		7154DC591C0058E2004DC730 /* Project object */ = {
			isa = PBXProject;
			attributes = {
				LastUpgradeCheck = 0710;
				ORGANIZATIONNAME = wyz;
				TargetAttributes = {
					7154DC601C0058E2004DC730 = {
						CreatedOnToolsVersion = 7.1.1;
					};
					7154DC791C0058E3004DC730 = {
						CreatedOnToolsVersion = 7.1.1;
						TestTargetID = 7154DC601C0058E2004DC730;
					};
					7154DC841C0058E3004DC730 = {
						CreatedOnToolsVersion = 7.1.1;
						TestTargetID = 7154DC601C0058E2004DC730;
					};
				};
			};
			buildConfigurationList = 7154DC5C1C0058E2004DC730 /* Build configuration list for PBXProject "TestNSTimer" */;
			compatibilityVersion = "Xcode 3.2";
			developmentRegion = English;
			hasScannedForEncodings = 0;
			knownRegions = (
				en,
				Base,
			);
			mainGroup = 7154DC581C0058E2004DC730;
			productRefGroup = 7154DC621C0058E2004DC730 /* Products */;
			projectDirPath = "";
			projectRoot = "";
			targets = (
				7154DC601C0058E2004DC730 /* TestNSTimer */,
				7154DC791C0058E3004DC730 /* TestNSTimerTests */,
				7154DC841C0058E3004DC730 /* TestNSTimerUITests */,
			);
		};
/* End PBXProject section */

/* Begin PBXResourcesBuildPhase section */
		7154DC5F1C0058E2004DC730 /* Resources */ = {
			isa = PBXResourcesBuildPhase;
			buildActionMask = 2147483647;
			files = (
				7154DC741C0058E2004DC730 /* LaunchScreen.storyboard in Resources */,
				7154DC711C0058E2004DC730 /* Assets.xcassets in Resources */,
				7154DC9B1C005910004DC730 /* NSTimerCellTableViewCell.xib in Resources */,
				7154DC6F1C0058E2004DC730 /* Main.storyboard in Resources */,
			);
			runOnlyForDeploymentPostprocessing = 0;
		};
		7154DC781C0058E3004DC730 /* Resources */ = {
			isa = PBXResourcesBuildPhase;
			buildActionMask = 2147483647;
			files = (
			);
			runOnlyForDeploymentPostprocessing = 0;
		};
		7154DC831C0058E3004DC730 /* Resources */ = {
			isa = PBXResourcesBuildPhase;
			buildActionMask = 2147483647;
			files = (
			);
			runOnlyForDeploymentPostprocessing = 0;
		};
/* End PBXResourcesBuildPhase section */

/* Begin PBXSourcesBuildPhase section */
		7154DC5D1C0058E2004DC730 /* Sources */ = {
			isa = PBXSourcesBuildPhase;
			buildActionMask = 2147483647;
			files = (
				7154DC6C1C0058E2004DC730 /* ViewController.m in Sources */,
				7154DC691C0058E2004DC730 /* AppDelegate.m in Sources */,
				7154DC9A1C005910004DC730 /* NSTimerCellTableViewCell.m in Sources */,
				7154DC661C0058E2004DC730 /* main.m in Sources */,
				7154DC9E1C005FC7004DC730 /* HFTools.m in Sources */,
			);
			runOnlyForDeploymentPostprocessing = 0;
		};
		7154DC761C0058E3004DC730 /* Sources */ = {
			isa = PBXSourcesBuildPhase;
			buildActionMask = 2147483647;
			files = (
				7154DC7F1C0058E3004DC730 /* TestNSTimerTests.m in Sources */,
			);
			runOnlyForDeploymentPostprocessing = 0;
		};
		7154DC811C0058E3004DC730 /* Sources */ = {
			isa = PBXSourcesBuildPhase;
			buildActionMask = 2147483647;
			files = (
				7154DC8A1C0058E3004DC730 /* TestNSTimerUITests.m in Sources */,
			);
			runOnlyForDeploymentPostprocessing = 0;
		};
/* End PBXSourcesBuildPhase section */

/* Begin PBXTargetDependency section */
		7154DC7C1C0058E3004DC730 /* PBXTargetDependency */ = {
			isa = PBXTargetDependency;
			target = 7154DC601C0058E2004DC730 /* TestNSTimer */;
			targetProxy = 7154DC7B1C0058E3004DC730 /* PBXContainerItemProxy */;
		};
		7154DC871C0058E3004DC730 /* PBXTargetDependency */ = {
			isa = PBXTargetDependency;
			target = 7154DC601C0058E2004DC730 /* TestNSTimer */;
			targetProxy = 7154DC861C0058E3004DC730 /* PBXContainerItemProxy */;
		};
/* End PBXTargetDependency section */

/* Begin PBXVariantGroup section */
		7154DC6D1C0058E2004DC730 /* Main.storyboard */ = {
			isa = PBXVariantGroup;
			children = (
				7154DC6E1C0058E2004DC730 /* Base */,
			);
			name = Main.storyboard;
			sourceTree = "<group>";
		};
		7154DC721C0058E2004DC730 /* LaunchScreen.storyboard */ = {
			isa = PBXVariantGroup;
			children = (
				7154DC731C0058E2004DC730 /* Base */,
			);
			name = LaunchScreen.storyboard;
			sourceTree = "<group>";
		};
/* End PBXVariantGroup section */

/* Begin XCBuildConfiguration section */
		7154DC8C1C0058E3004DC730 /* Debug */ = {
			isa = XCBuildConfiguration;
			buildSettings = {
				ALWAYS_SEARCH_USER_PATHS = NO;
				CLANG_CXX_LANGUAGE_STANDARD = "gnu++0x";
				CLANG_CXX_LIBRARY = "libc++";
				CLANG_ENABLE_MODULES = YES;
				CLANG_ENABLE_OBJC_ARC = YES;
				CLANG_WARN_BOOL_CONVERSION = YES;
				CLANG_WARN_CONSTANT_CONVERSION = YES;
				CLANG_WARN_DIRECT_OBJC_ISA_USAGE = YES_ERROR;
				CLANG_WARN_EMPTY_BODY = YES;
				CLANG_WARN_ENUM_CONVERSION = YES;
				CLANG_WARN_INT_CONVERSION = YES;
				CLANG_WARN_OBJC_ROOT_CLASS = YES_ERROR;
				CLANG_WARN_UNREACHABLE_CODE = YES;
				CLANG_WARN__DUPLICATE_METHOD_MATCH = YES;
				"CODE_SIGN_IDENTITY[sdk=iphoneos*]" = "iPhone Developer";
				COPY_PHASE_STRIP = NO;
				DEBUG_INFORMATION_FORMAT = dwarf;
				ENABLE_STRICT_OBJC_MSGSEND = YES;
				ENABLE_TESTABILITY = YES;
				GCC_C_LANGUAGE_STANDARD = gnu99;
				GCC_DYNAMIC_NO_PIC = NO;
				GCC_NO_COMMON_BLOCKS = YES;
				GCC_OPTIMIZATION_LEVEL = 0;
				GCC_PREPROCESSOR_DEFINITIONS = (
					"DEBUG=1",
					"$(inherited)",
				);
				GCC_WARN_64_TO_32_BIT_CONVERSION = YES;
				GCC_WARN_ABOUT_RETURN_TYPE = YES_ERROR;
				GCC_WARN_UNDECLARED_SELECTOR = YES;
				GCC_WARN_UNINITIALIZED_AUTOS = YES_AGGRESSIVE;
				GCC_WARN_UNUSED_FUNCTION = YES;
				GCC_WARN_UNUSED_VARIABLE = YES;
				IPHONEOS_DEPLOYMENT_TARGET = 9.1;
				MTL_ENABLE_DEBUG_INFO = YES;
				ONLY_ACTIVE_ARCH = YES;
				SDKROOT = iphoneos;
				TARGETED_DEVICE_FAMILY = "1,2";
			};
			name = Debug;
		};
		7154DC8D1C0058E3004DC730 /* Release */ = {
			isa = XCBuildConfiguration;
			buildSettings = {
				ALWAYS_SEARCH_USER_PATHS = NO;
				CLANG_CXX_LANGUAGE_STANDARD = "gnu++0x";
				CLANG_CXX_LIBRARY = "libc++";
				CLANG_ENABLE_MODULES = YES;
				CLANG_ENABLE_OBJC_ARC = YES;
				CLANG_WARN_BOOL_CONVERSION = YES;
				CLANG_WARN_CONSTANT_CONVERSION = YES;
				CLANG_WARN_DIRECT_OBJC_ISA_USAGE = YES_ERROR;
				CLANG_WARN_EMPTY_BODY = YES;
				CLANG_WARN_ENUM_CONVERSION = YES;
				CLANG_WARN_INT_CONVERSION = YES;
				CLANG_WARN_OBJC_ROOT_CLASS = YES_ERROR;
				CLANG_WARN_UNREACHABLE_CODE = YES;
				CLANG_WARN__DUPLICATE_METHOD_MATCH = YES;
				"CODE_SIGN_IDENTITY[sdk=iphoneos*]" = "iPhone Developer";
				COPY_PHASE_STRIP = NO;
				DEBUG_INFORMATION_FORMAT = "dwarf-with-dsym";
				ENABLE_NS_ASSERTIONS = NO;
				ENABLE_STRICT_OBJC_MSGSEND = YES;
				GCC_C_LANGUAGE_STANDARD = gnu99;
				GCC_NO_COMMON_BLOCKS = YES;
				GCC_WARN_64_TO_32_BIT_CONVERSION = YES;
				GCC_WARN_ABOUT_RETURN_TYPE = YES_ERROR;
				GCC_WARN_UNDECLARED_SELECTOR = YES;
				GCC_WARN_UNINITIALIZED_AUTOS = YES_AGGRESSIVE;
				GCC_WARN_UNUSED_FUNCTION = YES;
				GCC_WARN_UNUSED_VARIABLE = YES;
				IPHONEOS_DEPLOYMENT_TARGET = 9.1;
				MTL_ENABLE_DEBUG_INFO = NO;
				SDKROOT = iphoneos;
				TARGETED_DEVICE_FAMILY = "1,2";
				VALIDATE_PRODUCT = YES;
			};
			name = Release;
		};
		7154DC8F1C0058E3004DC730 /* Debug */ = {
			isa = XCBuildConfiguration;
			buildSettings = {
				ASSETCATALOG_COMPILER_APPICON_NAME = AppIcon;
				INFOPLIST_FILE = TestNSTimer/Info.plist;
				LD_RUNPATH_SEARCH_PATHS = "$(inherited) @executable_path/Frameworks";
				PRODUCT_BUNDLE_IDENTIFIER = wyz.hongfang.TestNSTimer;
				PRODUCT_NAME = "$(TARGET_NAME)";
			};
			name = Debug;
		};
		7154DC901C0058E3004DC730 /* Release */ = {
			isa = XCBuildConfiguration;
			buildSettings = {
				ASSETCATALOG_COMPILER_APPICON_NAME = AppIcon;
				INFOPLIST_FILE = TestNSTimer/Info.plist;
				LD_RUNPATH_SEARCH_PATHS = "$(inherited) @executable_path/Frameworks";
				PRODUCT_BUNDLE_IDENTIFIER = wyz.hongfang.TestNSTimer;
				PRODUCT_NAME = "$(TARGET_NAME)";
			};
			name = Release;
		};
		7154DC921C0058E3004DC730 /* Debug */ = {
			isa = XCBuildConfiguration;
			buildSettings = {
				BUNDLE_LOADER = "$(TEST_HOST)";
				INFOPLIST_FILE = TestNSTimerTests/Info.plist;
				LD_RUNPATH_SEARCH_PATHS = "$(inherited) @executable_path/Frameworks @loader_path/Frameworks";
				PRODUCT_BUNDLE_IDENTIFIER = wyz.hongfang.TestNSTimerTests;
				PRODUCT_NAME = "$(TARGET_NAME)";
				TEST_HOST = "$(BUILT_PRODUCTS_DIR)/TestNSTimer.app/TestNSTimer";
			};
			name = Debug;
		};
		7154DC931C0058E3004DC730 /* Release */ = {
			isa = XCBuildConfiguration;
			buildSettings = {
				BUNDLE_LOADER = "$(TEST_HOST)";
				INFOPLIST_FILE = TestNSTimerTests/Info.plist;
				LD_RUNPATH_SEARCH_PATHS = "$(inherited) @executable_path/Frameworks @loader_path/Frameworks";
				PRODUCT_BUNDLE_IDENTIFIER = wyz.hongfang.TestNSTimerTests;
				PRODUCT_NAME = "$(TARGET_NAME)";
				TEST_HOST = "$(BUILT_PRODUCTS_DIR)/TestNSTimer.app/TestNSTimer";
			};
			name = Release;
		};
		7154DC951C0058E3004DC730 /* Debug */ = {
			isa = XCBuildConfiguration;
			buildSettings = {
				INFOPLIST_FILE = TestNSTimerUITests/Info.plist;
				LD_RUNPATH_SEARCH_PATHS = "$(inherited) @executable_path/Frameworks @loader_path/Frameworks";
				PRODUCT_BUNDLE_IDENTIFIER = wyz.hongfang.TestNSTimerUITests;
				PRODUCT_NAME = "$(TARGET_NAME)";
				TEST_TARGET_NAME = TestNSTimer;
				USES_XCTRUNNER = YES;
			};
			name = Debug;
		};
		7154DC961C0058E3004DC730 /* Release */ = {
			isa = XCBuildConfiguration;
			buildSettings = {
				INFOPLIST_FILE = TestNSTimerUITests/Info.plist;
				LD_RUNPATH_SEARCH_PATHS = "$(inherited) @executable_path/Frameworks @loader_path/Frameworks";
				PRODUCT_BUNDLE_IDENTIFIER = wyz.hongfang.TestNSTimerUITests;
				PRODUCT_NAME = "$(TARGET_NAME)";
				TEST_TARGET_NAME = TestNSTimer;
				USES_XCTRUNNER = YES;
			};
			name = Release;
		};
/* End XCBuildConfiguration section */

/* Begin XCConfigurationList section */
		7154DC5C1C0058E2004DC730 /* Build configuration list for PBXProject "TestNSTimer" */ = {
			isa = XCConfigurationList;
			buildConfigurations = (
				7154DC8C1C0058E3004DC730 /* Debug */,
				7154DC8D1C0058E3004DC730 /* Release */,
			);
			defaultConfigurationIsVisible = 0;
			defaultConfigurationName = Release;
		};
		7154DC8E1C0058E3004DC730 /* Build configuration list for PBXNativeTarget "TestNSTimer" */ = {
			isa = XCConfigurationList;
			buildConfigurations = (
				7154DC8F1C0058E3004DC730 /* Debug */,
				7154DC901C0058E3004DC730 /* Release */,
			);
			defaultConfigurationIsVisible = 0;
		};
		7154DC911C0058E3004DC730 /* Build configuration list for PBXNativeTarget "TestNSTimerTests" */ = {
			isa = XCConfigurationList;
			buildConfigurations = (
				7154DC921C0058E3004DC730 /* Debug */,
				7154DC931C0058E3004DC730 /* Release */,
			);
			defaultConfigurationIsVisible = 0;
		};
		7154DC941C0058E3004DC730 /* Build configuration list for PBXNativeTarget "TestNSTimerUITests" */ = {
			isa = XCConfigurationList;
			buildConfigurations = (
				7154DC951C0058E3004DC730 /* Debug */,
				7154DC961C0058E3004DC730 /* Release */,
			);
			defaultConfigurationIsVisible = 0;
		};
/* End XCConfigurationList section */
	};
	rootObject = 7154DC591C0058E2004DC730 /* Project object */;
}
